
Microsoft Visual Studio Solution File, Format Version 12.00
# Visual Studio Version 17
VisualStudioVersion = 17.14.36908.2 d17.14
MinimumVisualStudioVersion = 10.0.40219.1
Project("{FAE04EC0-301F-11D3-BF4B-00C04F79EFBC}") = "ESP32HardwareMonitor", "ESP32HardwareMonitor\ESP32HardwareMonitor.csproj", "{574E970D-0351-46C5-92CD-6EDF7959B2D6}"
EndProject
Global
	GlobalSection(SolutionConfigurationPlatforms) = preSolution
		Debug|Any CPU = Debug|Any CPU
		Release|Any CPU = Release|Any CPU
	EndGlobalSection
	GlobalSection(ProjectConfigurationPlatforms) = postSolution
		{574E970D-0351-46C5-92CD-6EDF7959B2D6}.Debug|Any CPU.ActiveCfg = Debug|Any CPU
		{574E970D-0351-46C5-92CD-6EDF7959B2D6}.Debug|Any CPU.Build.0 = Debug|Any CPU
		{574E970D-0351-46C5-92CD-6EDF7959B2D6}.Release|Any CPU.ActiveCfg = Release|Any CPU
		{574E970D-0351-46C5-92CD-6EDF7959B2D6}.Release|Any CPU.Build.0 = Release|Any CPU
	EndGlobalSection
	GlobalSection(SolutionProperties) = preSolution
		HideSolutionNode = FALSE
	EndGlobalSection
	GlobalSection(ExtensibilityGlobals) = postSolution
		SolutionGuid = {31C0B93A-83D7-440F-B5B1-DDAADDC86192}
	EndGlobalSection
EndGlobal
